
Microsoft Visual Studio Solution File, Format Version 12.00
Project("{FAE04EC0-301F-11D3-BF4B-00C04F79EFBC}") = "PasswordFeedbackManager", "PasswordFeedbackManager\PasswordFeedbackManager.csproj", "{948BF007-95A6-4BC4-98CE-1489DCA92BC2}"
EndProject
Project("{FAE04EC0-301F-11D3-BF4B-00C04F79EFBC}") = "Tests", "Tests\Tests.csproj", "{E7C03DBF-2244-4B41-A1A4-63B4FFB89146}"
EndProject
Global
	GlobalSection(SolutionConfigurationPlatforms) = preSolution
		Debug|Any CPU = Debug|Any CPU
		Release|Any CPU = Release|Any CPU
	EndGlobalSection
	GlobalSection(ProjectConfigurationPlatforms) = postSolution
		{948BF007-95A6-4BC4-98CE-1489DCA92BC2}.Debug|Any CPU.ActiveCfg = Debug|Any CPU
		{948BF007-95A6-4BC4-98CE-1489DCA92BC2}.Debug|Any CPU.Build.0 = Debug|Any CPU
		{948BF007-95A6-4BC4-98CE-1489DCA92BC2}.Release|Any CPU.ActiveCfg = Release|Any CPU
		{948BF007-95A6-4BC4-98CE-1489DCA92BC2}.Release|Any CPU.Build.0 = Release|Any CPU
		{E7C03DBF-2244-4B41-A1A4-63B4FFB89146}.Debug|Any CPU.ActiveCfg = Debug|Any CPU
		{E7C03DBF-2244-4B41-A1A4-63B4FFB89146}.Debug|Any CPU.Build.0 = Debug|Any CPU
		{E7C03DBF-2244-4B41-A1A4-63B4FFB89146}.Release|Any CPU.ActiveCfg = Release|Any CPU
		{E7C03DBF-2244-4B41-A1A4-63B4FFB89146}.Release|Any CPU.Build.0 = Release|Any CPU
	EndGlobalSection
EndGlobal
